
Microsoft Visual Studio Solution File, Format Version 12.00
Project("{FAE04EC0-301F-11D3-BF4B-00C04F79EFBC}") = "Kaban.UI", "src\Kaban.UI\Kaban.UI.csproj", "{FC16041B-0D81-4FF6-B2C6-BF40CAA32F90}"
EndProject
Global
	GlobalSection(SolutionConfigurationPlatforms) = preSolution
		Debug|Any CPU = Debug|Any CPU
		Release|Any CPU = Release|Any CPU
	EndGlobalSection
	GlobalSection(ProjectConfigurationPlatforms) = postSolution
		{FC16041B-0D81-4FF6-B2C6-BF40CAA32F90}.Debug|Any CPU.ActiveCfg = Debug|Any CPU
		{FC16041B-0D81-4FF6-B2C6-BF40CAA32F90}.Debug|Any CPU.Build.0 = Debug|Any CPU
		{FC16041B-0D81-4FF6-B2C6-BF40CAA32F90}.Release|Any CPU.ActiveCfg = Release|Any CPU
		{FC16041B-0D81-4FF6-B2C6-BF40CAA32F90}.Release|Any CPU.Build.0 = Release|Any CPU
	EndGlobalSection
EndGlobal
